// !$*UTF8*$!
{
	archiveVersion = 1;
	classes = {
	};
	objectVersion = 46;
	objects = {

/* Begin PBXBuildFile section */
		30BA270C1FDD7C09007444D2 /* AppDelegate.swift in Sources */ = {isa = PBXBuildFile; fileRef = 30BA270B1FDD7C09007444D2 /* AppDelegate.swift */; };
		30BA270E1FDD7C09007444D2 /* ViewController.swift in Sources */ = {isa = PBXBuildFile; fileRef = 30BA270D1FDD7C09007444D2 /* ViewController.swift */; };
		30BA27111FDD7C09007444D2 /* Main.storyboard in Resources */ = {isa = PBXBuildFile; fileRef = 30BA270F1FDD7C09007444D2 /* Main.storyboard */; };
		30BA27141FDD7C09007444D2 /* NBLspinner.xcdatamodeld in Sources */ = {isa = PBXBuildFile; fileRef = 30BA27121FDD7C09007444D2 /* NBLspinner.xcdatamodeld */; };
		30BA27161FDD7C09007444D2 /* Assets.xcassets in Resources */ = {isa = PBXBuildFile; fileRef = 30BA27151FDD7C09007444D2 /* Assets.xcassets */; };
		30BA27191FDD7C09007444D2 /* LaunchScreen.storyboard in Resources */ = {isa = PBXBuildFile; fileRef = 30BA27171FDD7C09007444D2 /* LaunchScreen.storyboard */; };
		30BA27241FDD7C09007444D2 /* NBLspinnerTests.swift in Sources */ = {isa = PBXBuildFile; fileRef = 30BA27231FDD7C09007444D2 /* NBLspinnerTests.swift */; };
		30BA272F1FDD7C09007444D2 /* NBLspinnerUITests.swift in Sources */ = {isa = PBXBuildFile; fileRef = 30BA272E1FDD7C09007444D2 /* NBLspinnerUITests.swift */; };
/* End PBXBuildFile section */

/* Begin PBXContainerItemProxy section */
		30BA27201FDD7C09007444D2 /* PBXContainerItemProxy */ = {
			isa = PBXContainerItemProxy;
			containerPortal = 30BA27001FDD7C09007444D2 /* Project object */;
			proxyType = 1;
			remoteGlobalIDString = 30BA27071FDD7C09007444D2;
			remoteInfo = NBLspinner;
		};
		30BA272B1FDD7C09007444D2 /* PBXContainerItemProxy */ = {
			isa = PBXContainerItemProxy;
			containerPortal = 30BA27001FDD7C09007444D2 /* Project object */;
			proxyType = 1;
			remoteGlobalIDString = 30BA27071FDD7C09007444D2;
			remoteInfo = NBLspinner;
		};
/* End PBXContainerItemProxy section */

/* Begin PBXFileReference section */
		30BA27081FDD7C09007444D2 /* NBLspinner.app */ = {isa = PBXFileReference; explicitFileType = wrapper.application; includeInIndex = 0; path = NBLspinner.app; sourceTree = BUILT_PRODUCTS_DIR; };
		30BA270B1FDD7C09007444D2 /* AppDelegate.swift */ = {isa = PBXFileReference; lastKnownFileType = sourcecode.swift; path = AppDelegate.swift; sourceTree = "<group>"; };
		30BA270D1FDD7C09007444D2 /* ViewController.swift */ = {isa = PBXFileReference; lastKnownFileType = sourcecode.swift; path = ViewController.swift; sourceTree = "<group>"; };
		30BA27101FDD7C09007444D2 /* Base */ = {isa = PBXFileReference; lastKnownFileType = file.storyboard; name = Base; path = Base.lproj/Main.storyboard; sourceTree = "<group>"; };
		30BA27131FDD7C09007444D2 /* NBLspinner.xcdatamodel */ = {isa = PBXFileReference; lastKnownFileType = wrapper.xcdatamodel; path = NBLspinner.xcdatamodel; sourceTree = "<group>"; };
		30BA27151FDD7C09007444D2 /* Assets.xcassets */ = {isa = PBXFileReference; lastKnownFileType = folder.assetcatalog; path = Assets.xcassets; sourceTree = "<group>"; };
		30BA27181FDD7C09007444D2 /* Base */ = {isa = PBXFileReference; lastKnownFileType = file.storyboard; name = Base; path = Base.lproj/LaunchScreen.storyboard; sourceTree = "<group>"; };
		30BA271A1FDD7C09007444D2 /* Info.plist */ = {isa = PBXFileReference; lastKnownFileType = text.plist.xml; path = Info.plist; sourceTree = "<group>"; };
		30BA271F1FDD7C09007444D2 /* NBLspinnerTests.xctest */ = {isa = PBXFileReference; explicitFileType = wrapper.cfbundle; includeInIndex = 0; path = NBLspinnerTests.xctest; sourceTree = BUILT_PRODUCTS_DIR; };
		30BA27231FDD7C09007444D2 /* NBLspinnerTests.swift */ = {isa = PBXFileReference; lastKnownFileType = sourcecode.swift; path = NBLspinnerTests.swift; sourceTree = "<group>"; };
		30BA27251FDD7C09007444D2 /* Info.plist */ = {isa = PBXFileReference; lastKnownFileType = text.plist.xml; path = Info.plist; sourceTree = "<group>"; };
		30BA272A1FDD7C09007444D2 /* NBLspinnerUITests.xctest */ = {isa = PBXFileReference; explicitFileType = wrapper.cfbundle; includeInIndex = 0; path = NBLspinnerUITests.xctest; sourceTree = BUILT_PRODUCTS_DIR; };
		30BA272E1FDD7C09007444D2 /* NBLspinnerUITests.swift */ = {isa = PBXFileReference; lastKnownFileType = sourcecode.swift; path = NBLspinnerUITests.swift; sourceTree = "<group>"; };
		30BA27301FDD7C09007444D2 /* Info.plist */ = {isa = PBXFileReference; lastKnownFileType = text.plist.xml; path = Info.plist; sourceTree = "<group>"; };
/* End PBXFileReference section */

/* Begin PBXFrameworksBuildPhase section */
		30BA27051FDD7C09007444D2 /* Frameworks */ = {
			isa = PBXFrameworksBuildPhase;
			buildActionMask = 2147483647;
			files = (
			);
			runOnlyForDeploymentPostprocessing = 0;
		};
		30BA271C1FDD7C09007444D2 /* Frameworks */ = {
			isa = PBXFrameworksBuildPhase;
			buildActionMask = 2147483647;
			files = (
			);
			runOnlyForDeploymentPostprocessing = 0;
		};
		30BA27271FDD7C09007444D2 /* Frameworks */ = {
			isa = PBXFrameworksBuildPhase;
			buildActionMask = 2147483647;
			files = (
			);
			runOnlyForDeploymentPostprocessing = 0;
		};
/* End PBXFrameworksBuildPhase section */

/* Begin PBXGroup section */
		30BA26FF1FDD7C09007444D2 = {
			isa = PBXGroup;
			children = (
				30BA270A1FDD7C09007444D2 /* NBLspinner */,
				30BA27221FDD7C09007444D2 /* NBLspinnerTests */,
				30BA272D1FDD7C09007444D2 /* NBLspinnerUITests */,
				30BA27091FDD7C09007444D2 /* Products */,
			);
			sourceTree = "<group>";
		};
		30BA27091FDD7C09007444D2 /* Products */ = {
			isa = PBXGroup;
			children = (
				30BA27081FDD7C09007444D2 /* NBLspinner.app */,
				30BA271F1FDD7C09007444D2 /* NBLspinnerTests.xctest */,
				30BA272A1FDD7C09007444D2 /* NBLspinnerUITests.xctest */,
			);
			name = Products;
			sourceTree = "<group>";
		};
		30BA270A1FDD7C09007444D2 /* NBLspinner */ = {
			isa = PBXGroup;
			children = (
				30BA270B1FDD7C09007444D2 /* AppDelegate.swift */,
				30BA270D1FDD7C09007444D2 /* ViewController.swift */,
				30BA270F1FDD7C09007444D2 /* Main.storyboard */,
				30BA27151FDD7C09007444D2 /* Assets.xcassets */,
				30BA27171FDD7C09007444D2 /* LaunchScreen.storyboard */,
				30BA271A1FDD7C09007444D2 /* Info.plist */,
				30BA27121FDD7C09007444D2 /* NBLspinner.xcdatamodeld */,
			);
			path = NBLspinner;
			sourceTree = "<group>";
		};
		30BA27221FDD7C09007444D2 /* NBLspinnerTests */ = {
			isa = PBXGroup;
			children = (
				30BA27231FDD7C09007444D2 /* NBLspinnerTests.swift */,
				30BA27251FDD7C09007444D2 /* Info.plist */,
			);
			path = NBLspinnerTests;
			sourceTree = "<group>";
		};
		30BA272D1FDD7C09007444D2 /* NBLspinnerUITests */ = {
			isa = PBXGroup;
			children = (
				30BA272E1FDD7C09007444D2 /* NBLspinnerUITests.swift */,
				30BA27301FDD7C09007444D2 /* Info.plist */,
			);
			path = NBLspinnerUITests;
			sourceTree = "<group>";
		};
/* End PBXGroup section */

/* Begin PBXNativeTarget section */
		30BA27071FDD7C09007444D2 /* NBLspinner */ = {
			isa = PBXNativeTarget;
			buildConfigurationList = 30BA27331FDD7C09007444D2 /* Build configuration list for PBXNativeTarget "NBLspinner" */;
			buildPhases = (
				30BA27041FDD7C09007444D2 /* Sources */,
				30BA27051FDD7C09007444D2 /* Frameworks */,
				30BA27061FDD7C09007444D2 /* Resources */,
			);
			buildRules = (
			);
			dependencies = (
			);
			name = NBLspinner;
			productName = NBLspinner;
			productReference = 30BA27081FDD7C09007444D2 /* NBLspinner.app */;
			productType = "com.apple.product-type.application";
		};
		30BA271E1FDD7C09007444D2 /* NBLspinnerTests */ = {
			isa = PBXNativeTarget;
			buildConfigurationList = 30BA27361FDD7C09007444D2 /* Build configuration list for PBXNativeTarget "NBLspinnerTests" */;
			buildPhases = (
				30BA271B1FDD7C09007444D2 /* Sources */,
				30BA271C1FDD7C09007444D2 /* Frameworks */,
				30BA271D1FDD7C09007444D2 /* Resources */,
			);
			buildRules = (
			);
			dependencies = (
				30BA27211FDD7C09007444D2 /* PBXTargetDependency */,
			);
			name = NBLspinnerTests;
			productName = NBLspinnerTests;
			productReference = 30BA271F1FDD7C09007444D2 /* NBLspinnerTests.xctest */;
			productType = "com.apple.product-type.bundle.unit-test";
		};
		30BA27291FDD7C09007444D2 /* NBLspinnerUITests */ = {
			isa = PBXNativeTarget;
			buildConfigurationList = 30BA27391FDD7C09007444D2 /* Build configuration list for PBXNativeTarget "NBLspinnerUITests" */;
			buildPhases = (
				30BA27261FDD7C09007444D2 /* Sources */,
				30BA27271FDD7C09007444D2 /* Frameworks */,
				30BA27281FDD7C09007444D2 /* Resources */,
			);
			buildRules = (
			);
			dependencies = (
				30BA272C1FDD7C09007444D2 /* PBXTargetDependency */,
			);
			name = NBLspinnerUITests;
			productName = NBLspinnerUITests;
			productReference = 30BA272A1FDD7C09007444D2 /* NBLspinnerUITests.xctest */;
			productType = "com.apple.product-type.bundle.ui-testing";
		};
/* End PBXNativeTarget section */

/* Begin PBXProject section */
		30BA27001FDD7C09007444D2 /* Project object */ = {
			isa = PBXProject;
			attributes = {
				LastSwiftUpdateCheck = 0830;
				LastUpgradeCheck = 0830;
				ORGANIZATIONNAME = "Danny Dharumasena";
				TargetAttributes = {
					30BA27071FDD7C09007444D2 = {
						CreatedOnToolsVersion = 8.3.3;
						DevelopmentTeam = TZPUH88RBR;
						ProvisioningStyle = Automatic;
					};
					30BA271E1FDD7C09007444D2 = {
						CreatedOnToolsVersion = 8.3.3;
						DevelopmentTeam = TZPUH88RBR;
						ProvisioningStyle = Automatic;
						TestTargetID = 30BA27071FDD7C09007444D2;
					};
					30BA27291FDD7C09007444D2 = {
						CreatedOnToolsVersion = 8.3.3;
						DevelopmentTeam = TZPUH88RBR;
						ProvisioningStyle = Automatic;
						TestTargetID = 30BA27071FDD7C09007444D2;
					};
				};
			};
			buildConfigurationList = 30BA27031FDD7C09007444D2 /* Build configuration list for PBXProject "NBLspinner" */;
			compatibilityVersion = "Xcode 3.2";
			developmentRegion = English;
			hasScannedForEncodings = 0;
			knownRegions = (
				en,
				Base,
			);
			mainGroup = 30BA26FF1FDD7C09007444D2;
			productRefGroup = 30BA27091FDD7C09007444D2 /* Products */;
			projectDirPath = "";
			projectRoot = "";
			targets = (
				30BA27071FDD7C09007444D2 /* NBLspinner */,
				30BA271E1FDD7C09007444D2 /* NBLspinnerTests */,
				30BA27291FDD7C09007444D2 /* NBLspinnerUITests */,
			);
		};
/* End PBXProject section */

/* Begin PBXResourcesBuildPhase section */
		30BA27061FDD7C09007444D2 /* Resources */ = {
			isa = PBXResourcesBuildPhase;
			buildActionMask = 2147483647;
			files = (
				30BA27191FDD7C09007444D2 /* LaunchScreen.storyboard in Resources */,
				30BA27161FDD7C09007444D2 /* Assets.xcassets in Resources */,
				30BA27111FDD7C09007444D2 /* Main.storyboard in Resources */,
			);
			runOnlyForDeploymentPostprocessing = 0;
		};
		30BA271D1FDD7C09007444D2 /* Resources */ = {
			isa = PBXResourcesBuildPhase;
			buildActionMask = 2147483647;
			files = (
			);
			runOnlyForDeploymentPostprocessing = 0;
		};
		30BA27281FDD7C09007444D2 /* Resources */ = {
			isa = PBXResourcesBuildPhase;
			buildActionMask = 2147483647;
			files = (
			);
			runOnlyForDeploymentPostprocessing = 0;
		};
/* End PBXResourcesBuildPhase section */

/* Begin PBXSourcesBuildPhase section */
		30BA27041FDD7C09007444D2 /* Sources */ = {
			isa = PBXSourcesBuildPhase;
			buildActionMask = 2147483647;
			files = (
				30BA270E1FDD7C09007444D2 /* ViewController.swift in Sources */,
				30BA27141FDD7C09007444D2 /* NBLspinner.xcdatamodeld in Sources */,
				30BA270C1FDD7C09007444D2 /* AppDelegate.swift in Sources */,
			);
			runOnlyForDeploymentPostprocessing = 0;
		};
		30BA271B1FDD7C09007444D2 /* Sources */ = {
			isa = PBXSourcesBuildPhase;
			buildActionMask = 2147483647;
			files = (
				30BA27241FDD7C09007444D2 /* NBLspinnerTests.swift in Sources */,
			);
			runOnlyForDeploymentPostprocessing = 0;
		};
		30BA27261FDD7C09007444D2 /* Sources */ = {
			isa = PBXSourcesBuildPhase;
			buildActionMask = 2147483647;
			files = (
				30BA272F1FDD7C09007444D2 /* NBLspinnerUITests.swift in Sources */,
			);
			runOnlyForDeploymentPostprocessing = 0;
		};
/* End PBXSourcesBuildPhase section */

/* Begin PBXTargetDependency section */
		30BA27211FDD7C09007444D2 /* PBXTargetDependency */ = {
			isa = PBXTargetDependency;
			target = 30BA27071FDD7C09007444D2 /* NBLspinner */;
			targetProxy = 30BA27201FDD7C09007444D2 /* PBXContainerItemProxy */;
		};
		30BA272C1FDD7C09007444D2 /* PBXTargetDependency */ = {
			isa = PBXTargetDependency;
			target = 30BA27071FDD7C09007444D2 /* NBLspinner */;
			targetProxy = 30BA272B1FDD7C09007444D2 /* PBXContainerItemProxy */;
		};
/* End PBXTargetDependency section */

/* Begin PBXVariantGroup section */
		30BA270F1FDD7C09007444D2 /* Main.storyboard */ = {
			isa = PBXVariantGroup;
			children = (
				30BA27101FDD7C09007444D2 /* Base */,
			);
			name = Main.storyboard;
			sourceTree = "<group>";
		};
		30BA27171FDD7C09007444D2 /* LaunchScreen.storyboard */ = {
			isa = PBXVariantGroup;
			children = (
				30BA27181FDD7C09007444D2 /* Base */,
			);
			name = LaunchScreen.storyboard;
			sourceTree = "<group>";
		};
/* End PBXVariantGroup section */

/* Begin XCBuildConfiguration section */
		30BA27311FDD7C09007444D2 /* Debug */ = {
			isa = XCBuildConfiguration;
			buildSettings = {
				ALWAYS_SEARCH_USER_PATHS = NO;
				CLANG_ANALYZER_NONNULL = YES;
				CLANG_ANALYZER_NUMBER_OBJECT_CONVERSION = YES_AGGRESSIVE;
				CLANG_CXX_LANGUAGE_STANDARD = "gnu++0x";
				CLANG_CXX_LIBRARY = "libc++";
				CLANG_ENABLE_MODULES = YES;
				CLANG_ENABLE_OBJC_ARC = YES;
				CLANG_WARN_BOOL_CONVERSION = YES;
				CLANG_WARN_CONSTANT_CONVERSION = YES;
				CLANG_WARN_DIRECT_OBJC_ISA_USAGE = YES_ERROR;
				CLANG_WARN_DOCUMENTATION_COMMENTS = YES;
				CLANG_WARN_EMPTY_BODY = YES;
				CLANG_WARN_ENUM_CONVERSION = YES;
				CLANG_WARN_INFINITE_RECURSION = YES;
				CLANG_WARN_INT_CONVERSION = YES;
				CLANG_WARN_OBJC_ROOT_CLASS = YES_ERROR;
				CLANG_WARN_SUSPICIOUS_MOVE = YES;
				CLANG_WARN_UNREACHABLE_CODE = YES;
				CLANG_WARN__DUPLICATE_METHOD_MATCH = YES;
				"CODE_SIGN_IDENTITY[sdk=iphoneos*]" = "iPhone Developer";
				COPY_PHASE_STRIP = NO;
				DEBUG_INFORMATION_FORMAT = dwarf;
				ENABLE_STRICT_OBJC_MSGSEND = YES;
				ENABLE_TESTABILITY = YES;
				GCC_C_LANGUAGE_STANDARD = gnu99;
				GCC_DYNAMIC_NO_PIC = NO;
				GCC_NO_COMMON_BLOCKS = YES;
				GCC_OPTIMIZATION_LEVEL = 0;
				GCC_PREPROCESSOR_DEFINITIONS = (
					"DEBUG=1",
					"$(inherited)",
				);
				GCC_WARN_64_TO_32_BIT_CONVERSION = YES;
				GCC_WARN_ABOUT_RETURN_TYPE = YES_ERROR;
				GCC_WARN_UNDECLARED_SELECTOR = YES;
				GCC_WARN_UNINITIALIZED_AUTOS = YES_AGGRESSIVE;
				GCC_WARN_UNUSED_FUNCTION = YES;
				GCC_WARN_UNUSED_VARIABLE = YES;
				IPHONEOS_DEPLOYMENT_TARGET = 10.3;
				MTL_ENABLE_DEBUG_INFO = YES;
				ONLY_ACTIVE_ARCH = YES;
				SDKROOT = iphoneos;
				SWIFT_ACTIVE_COMPILATION_CONDITIONS = DEBUG;
				SWIFT_OPTIMIZATION_LEVEL = "-Onone";
			};
			name = Debug;
		};
		30BA27321FDD7C09007444D2 /* Release */ = {
			isa = XCBuildConfiguration;
			buildSettings = {
				ALWAYS_SEARCH_USER_PATHS = NO;
				CLANG_ANALYZER_NONNULL = YES;
				CLANG_ANALYZER_NUMBER_OBJECT_CONVERSION = YES_AGGRESSIVE;
				CLANG_CXX_LANGUAGE_STANDARD = "gnu++0x";
				CLANG_CXX_LIBRARY = "libc++";
				CLANG_ENABLE_MODULES = YES;
				CLANG_ENABLE_OBJC_ARC = YES;
				CLANG_WARN_BOOL_CONVERSION = YES;
				CLANG_WARN_CONSTANT_CONVERSION = YES;
				CLANG_WARN_DIRECT_OBJC_ISA_USAGE = YES_ERROR;
				CLANG_WARN_DOCUMENTATION_COMMENTS = YES;
				CLANG_WARN_EMPTY_BODY = YES;
				CLANG_WARN_ENUM_CONVERSION = YES;
				CLANG_WARN_INFINITE_RECURSION = YES;
				CLANG_WARN_INT_CONVERSION = YES;
				CLANG_WARN_OBJC_ROOT_CLASS = YES_ERROR;
				CLANG_WARN_SUSPICIOUS_MOVE = YES;
				CLANG_WARN_UNREACHABLE_CODE = YES;
				CLANG_WARN__DUPLICATE_METHOD_MATCH = YES;
				"CODE_SIGN_IDENTITY[sdk=iphoneos*]" = "iPhone Developer";
				COPY_PHASE_STRIP = NO;
				DEBUG_INFORMATION_FORMAT = "dwarf-with-dsym";
				ENABLE_NS_ASSERTIONS = NO;
				ENABLE_STRICT_OBJC_MSGSEND = YES;
				GCC_C_LANGUAGE_STANDARD = gnu99;
				GCC_NO_COMMON_BLOCKS = YES;
				GCC_WARN_64_TO_32_BIT_CONVERSION = YES;
				GCC_WARN_ABOUT_RETURN_TYPE = YES_ERROR;
				GCC_WARN_UNDECLARED_SELECTOR = YES;
				GCC_WARN_UNINITIALIZED_AUTOS = YES_AGGRESSIVE;
				GCC_WARN_UNUSED_FUNCTION = YES;
				GCC_WARN_UNUSED_VARIABLE = YES;
				IPHONEOS_DEPLOYMENT_TARGET = 10.3;
				MTL_ENABLE_DEBUG_INFO = NO;
				SDKROOT = iphoneos;
				SWIFT_OPTIMIZATION_LEVEL = "-Owholemodule";
				VALIDATE_PRODUCT = YES;
			};
			name = Release;
		};
		30BA27341FDD7C09007444D2 /* Debug */ = {
			isa = XCBuildConfiguration;
			buildSettings = {
				ASSETCATALOG_COMPILER_APPICON_NAME = AppIcon;
				DEVELOPMENT_TEAM = TZPUH88RBR;
				INFOPLIST_FILE = NBLspinner/Info.plist;
				LD_RUNPATH_SEARCH_PATHS = "$(inherited) @executable_path/Frameworks";
				PRODUCT_BUNDLE_IDENTIFIER = VDROP.NBLspinner;
				PRODUCT_NAME = "$(TARGET_NAME)";
				SWIFT_VERSION = 3.0;
			};
			name = Debug;
		};
		30BA27351FDD7C09007444D2 /* Release */ = {
			isa = XCBuildConfiguration;
			buildSettings = {
				ASSETCATALOG_COMPILER_APPICON_NAME = AppIcon;
				DEVELOPMENT_TEAM = TZPUH88RBR;
				INFOPLIST_FILE = NBLspinner/Info.plist;
				LD_RUNPATH_SEARCH_PATHS = "$(inherited) @executable_path/Frameworks";
				PRODUCT_BUNDLE_IDENTIFIER = VDROP.NBLspinner;
				PRODUCT_NAME = "$(TARGET_NAME)";
				SWIFT_VERSION = 3.0;
			};
			name = Release;
		};
		30BA27371FDD7C09007444D2 /* Debug */ = {
			isa = XCBuildConfiguration;
			buildSettings = {
				ALWAYS_EMBED_SWIFT_STANDARD_LIBRARIES = YES;
				BUNDLE_LOADER = "$(TEST_HOST)";
				DEVELOPMENT_TEAM = TZPUH88RBR;
				INFOPLIST_FILE = NBLspinnerTests/Info.plist;
				LD_RUNPATH_SEARCH_PATHS = "$(inherited) @executable_path/Frameworks @loader_path/Frameworks";
				PRODUCT_BUNDLE_IDENTIFIER = VDROP.NBLspinnerTests;
				PRODUCT_NAME = "$(TARGET_NAME)";
				SWIFT_VERSION = 3.0;
				TEST_HOST = "$(BUILT_PRODUCTS_DIR)/NBLspinner.app/NBLspinner";
			};
			name = Debug;
		};
		30BA27381FDD7C09007444D2 /* Release */ = {
			isa = XCBuildConfiguration;
			buildSettings = {
				ALWAYS_EMBED_SWIFT_STANDARD_LIBRARIES = YES;
				BUNDLE_LOADER = "$(TEST_HOST)";
				DEVELOPMENT_TEAM = TZPUH88RBR;
				INFOPLIST_FILE = NBLspinnerTests/Info.plist;
				LD_RUNPATH_SEARCH_PATHS = "$(inherited) @executable_path/Frameworks @loader_path/Frameworks";
				PRODUCT_BUNDLE_IDENTIFIER = VDROP.NBLspinnerTests;
				PRODUCT_NAME = "$(TARGET_NAME)";
				SWIFT_VERSION = 3.0;
				TEST_HOST = "$(BUILT_PRODUCTS_DIR)/NBLspinner.app/NBLspinner";
			};
			name = Release;
		};
		30BA273A1FDD7C09007444D2 /* Debug */ = {
			isa = XCBuildConfiguration;
			buildSettings = {
				ALWAYS_EMBED_SWIFT_STANDARD_LIBRARIES = YES;
				DEVELOPMENT_TEAM = TZPUH88RBR;
				INFOPLIST_FILE = NBLspinnerUITests/Info.plist;
				LD_RUNPATH_SEARCH_PATHS = "$(inherited) @executable_path/Frameworks @loader_path/Frameworks";
				PRODUCT_BUNDLE_IDENTIFIER = VDROP.NBLspinnerUITests;
				PRODUCT_NAME = "$(TARGET_NAME)";
				SWIFT_VERSION = 3.0;
				TEST_TARGET_NAME = NBLspinner;
			};
			name = Debug;
		};
		30BA273B1FDD7C09007444D2 /* Release */ = {
			isa = XCBuildConfiguration;
			buildSettings = {
				ALWAYS_EMBED_SWIFT_STANDARD_LIBRARIES = YES;
				DEVELOPMENT_TEAM = TZPUH88RBR;
				INFOPLIST_FILE = NBLspinnerUITests/Info.plist;
				LD_RUNPATH_SEARCH_PATHS = "$(inherited) @executable_path/Frameworks @loader_path/Frameworks";
				PRODUCT_BUNDLE_IDENTIFIER = VDROP.NBLspinnerUITests;
				PRODUCT_NAME = "$(TARGET_NAME)";
				SWIFT_VERSION = 3.0;
				TEST_TARGET_NAME = NBLspinner;
			};
			name = Release;
		};
/* End XCBuildConfiguration section */

/* Begin XCConfigurationList section */
		30BA27031FDD7C09007444D2 /* Build configuration list for PBXProject "NBLspinner" */ = {
			isa = XCConfigurationList;
			buildConfigurations = (
				30BA27311FDD7C09007444D2 /* Debug */,
				30BA27321FDD7C09007444D2 /* Release */,
			);
			defaultConfigurationIsVisible = 0;
			defaultConfigurationName = Release;
		};
		30BA27331FDD7C09007444D2 /* Build configuration list for PBXNativeTarget "NBLspinner" */ = {
			isa = XCConfigurationList;
			buildConfigurations = (
				30BA27341FDD7C09007444D2 /* Debug */,
				30BA27351FDD7C09007444D2 /* Release */,
			);
			defaultConfigurationIsVisible = 0;
		};
		30BA27361FDD7C09007444D2 /* Build configuration list for PBXNativeTarget "NBLspinnerTests" */ = {
			isa = XCConfigurationList;
			buildConfigurations = (
				30BA27371FDD7C09007444D2 /* Debug */,
				30BA27381FDD7C09007444D2 /* Release */,
			);
			defaultConfigurationIsVisible = 0;
		};
		30BA27391FDD7C09007444D2 /* Build configuration list for PBXNativeTarget "NBLspinnerUITests" */ = {
			isa = XCConfigurationList;
			buildConfigurations = (
				30BA273A1FDD7C09007444D2 /* Debug */,
				30BA273B1FDD7C09007444D2 /* Release */,
			);
			defaultConfigurationIsVisible = 0;
		};
/* End XCConfigurationList section */

/* Begin XCVersionGroup section */
		30BA27121FDD7C09007444D2 /* NBLspinner.xcdatamodeld */ = {
			isa = XCVersionGroup;
			children = (
				30BA27131FDD7C09007444D2 /* NBLspinner.xcdatamodel */,
			);
			currentVersion = 30BA27131FDD7C09007444D2 /* NBLspinner.xcdatamodel */;
			path = NBLspinner.xcdatamodeld;
			sourceTree = "<group>";
			versionGroupType = wrapper.xcdatamodel;
		};
/* End XCVersionGroup section */
	};
	rootObject = 30BA27001FDD7C09007444D2 /* Project object */;
}
